
Microsoft Visual Studio Solution File, Format Version 12.00
# Visual Studio Version 16
VisualStudioVersion = 16.0.31624.102
MinimumVisualStudioVersion = 10.0.40219.1
Project("{FAE04EC0-301F-11D3-BF4B-00C04F79EFBC}") = "LabTask", "LabTask\LabTask.csproj", "{002C1B0A-9B14-4CD1-B3BE-27EBF17BF5E7}"
EndProject
Global
	GlobalSection(SolutionConfigurationPlatforms) = preSolution
		Debug|Any CPU = Debug|Any CPU
		Release|Any CPU = Release|Any CPU
	EndGlobalSection
	GlobalSection(ProjectConfigurationPlatforms) = postSolution
		{002C1B0A-9B14-4CD1-B3BE-27EBF17BF5E7}.Debug|Any CPU.ActiveCfg = Debug|Any CPU
		{002C1B0A-9B14-4CD1-B3BE-27EBF17BF5E7}.Debug|Any CPU.Build.0 = Debug|Any CPU
		{002C1B0A-9B14-4CD1-B3BE-27EBF17BF5E7}.Release|Any CPU.ActiveCfg = Release|Any CPU
		{002C1B0A-9B14-4CD1-B3BE-27EBF17BF5E7}.Release|Any CPU.Build.0 = Release|Any CPU
	EndGlobalSection
	GlobalSection(SolutionProperties) = preSolution
		HideSolutionNode = FALSE
	EndGlobalSection
	GlobalSection(ExtensibilityGlobals) = postSolution
		SolutionGuid = {B0FB793F-4452-4CAC-BEC3-33B983826251}
	EndGlobalSection
EndGlobal
